
Microsoft Visual Studio Solution File, Format Version 12.00
# Visual Studio Version 17
VisualStudioVersion = 17.6.33829.357
MinimumVisualStudioVersion = 10.0.40219.1
Project("{FAE04EC0-301F-11D3-BF4B-00C04F79EFBC}") = "OnlineStoreFrontNet7", "OnlineStoreFrontNet7\OnlineStoreFrontNet7.csproj", "{BD909483-9D8C-4075-99C8-9FEA8C251C80}"
EndProject
Global
	GlobalSection(SolutionConfigurationPlatforms) = preSolution
		Debug|Any CPU = Debug|Any CPU
		Release|Any CPU = Release|Any CPU
	EndGlobalSection
	GlobalSection(ProjectConfigurationPlatforms) = postSolution
		{BD909483-9D8C-4075-99C8-9FEA8C251C80}.Debug|Any CPU.ActiveCfg = Debug|Any CPU
		{BD909483-9D8C-4075-99C8-9FEA8C251C80}.Debug|Any CPU.Build.0 = Debug|Any CPU
		{BD909483-9D8C-4075-99C8-9FEA8C251C80}.Release|Any CPU.ActiveCfg = Release|Any CPU
		{BD909483-9D8C-4075-99C8-9FEA8C251C80}.Release|Any CPU.Build.0 = Release|Any CPU
	EndGlobalSection
	GlobalSection(SolutionProperties) = preSolution
		HideSolutionNode = FALSE
	EndGlobalSection
	GlobalSection(ExtensibilityGlobals) = postSolution
		SolutionGuid = {FBB07A7B-805B-4C51-91CB-7452A0EFA442}
	EndGlobalSection
EndGlobal
